
Microsoft Visual Studio Solution File, Format Version 12.00
# Visual Studio 15
VisualStudioVersion = 15.0.28010.2036
MinimumVisualStudioVersion = 10.0.40219.1
Project("{FAE04EC0-301F-11D3-BF4B-00C04F79EFBC}") = "Interchange.WCF", "Interchange.WCF\Interchange.WCF.csproj", "{7F0CCBC4-B068-452A-87CD-03230C297DBF}"
EndProject
Project("{FAE04EC0-301F-11D3-BF4B-00C04F79EFBC}") = "Interchange.Entity", "Interchange.Entity\Interchange.Entity.csproj", "{36CBCCB4-2729-4A58-879A-EC739E0E0B4E}"
EndProject
Project("{FAE04EC0-301F-11D3-BF4B-00C04F79EFBC}") = "Interchange.Data", "Interchange.Data\Interchange.Data.csproj", "{F5227D9A-3839-4386-AB2D-3CC6F709EA1C}"
EndProject
Project("{FAE04EC0-301F-11D3-BF4B-00C04F79EFBC}") = "Interchange.Test", "Interchange.Test\Interchange.Test.csproj", "{2F81E7D1-E47D-4D21-9C25-39160B8C8527}"
EndProject
Global
	GlobalSection(SolutionConfigurationPlatforms) = preSolution
		Debug|Any CPU = Debug|Any CPU
		Release|Any CPU = Release|Any CPU
	EndGlobalSection
	GlobalSection(ProjectConfigurationPlatforms) = postSolution
		{7F0CCBC4-B068-452A-87CD-03230C297DBF}.Debug|Any CPU.ActiveCfg = Debug|Any CPU
		{7F0CCBC4-B068-452A-87CD-03230C297DBF}.Debug|Any CPU.Build.0 = Debug|Any CPU
		{7F0CCBC4-B068-452A-87CD-03230C297DBF}.Release|Any CPU.ActiveCfg = Release|Any CPU
		{7F0CCBC4-B068-452A-87CD-03230C297DBF}.Release|Any CPU.Build.0 = Release|Any CPU
		{36CBCCB4-2729-4A58-879A-EC739E0E0B4E}.Debug|Any CPU.ActiveCfg = Debug|Any CPU
		{36CBCCB4-2729-4A58-879A-EC739E0E0B4E}.Debug|Any CPU.Build.0 = Debug|Any CPU
		{36CBCCB4-2729-4A58-879A-EC739E0E0B4E}.Release|Any CPU.ActiveCfg = Release|Any CPU
		{36CBCCB4-2729-4A58-879A-EC739E0E0B4E}.Release|Any CPU.Build.0 = Release|Any CPU
		{F5227D9A-3839-4386-AB2D-3CC6F709EA1C}.Debug|Any CPU.ActiveCfg = Debug|Any CPU
		{F5227D9A-3839-4386-AB2D-3CC6F709EA1C}.Debug|Any CPU.Build.0 = Debug|Any CPU
		{F5227D9A-3839-4386-AB2D-3CC6F709EA1C}.Release|Any CPU.ActiveCfg = Release|Any CPU
		{F5227D9A-3839-4386-AB2D-3CC6F709EA1C}.Release|Any CPU.Build.0 = Release|Any CPU
		{2F81E7D1-E47D-4D21-9C25-39160B8C8527}.Debug|Any CPU.ActiveCfg = Debug|Any CPU
		{2F81E7D1-E47D-4D21-9C25-39160B8C8527}.Debug|Any CPU.Build.0 = Debug|Any CPU
		{2F81E7D1-E47D-4D21-9C25-39160B8C8527}.Release|Any CPU.ActiveCfg = Release|Any CPU
		{2F81E7D1-E47D-4D21-9C25-39160B8C8527}.Release|Any CPU.Build.0 = Release|Any CPU
	EndGlobalSection
	GlobalSection(SolutionProperties) = preSolution
		HideSolutionNode = FALSE
	EndGlobalSection
	GlobalSection(ExtensibilityGlobals) = postSolution
		SolutionGuid = {98E38C78-D36B-4353-A9A5-5420344027EE}
	EndGlobalSection
EndGlobal
